
Microsoft Visual Studio Solution File, Format Version 12.00
# Visual Studio Version 16
VisualStudioVersion = 16.0.30621.155
MinimumVisualStudioVersion = 10.0.40219.1
Project("{FAE04EC0-301F-11D3-BF4B-00C04F79EFBC}") = "CDEC-Harvester", "CDEC-Harvester\CDEC-Harvester.csproj", "{F41D0A35-EC73-4018-8ED9-98F45A06A70E}"
EndProject
Global
	GlobalSection(SolutionConfigurationPlatforms) = preSolution
		Debug|Any CPU = Debug|Any CPU
		Release|Any CPU = Release|Any CPU
	EndGlobalSection
	GlobalSection(ProjectConfigurationPlatforms) = postSolution
		{F41D0A35-EC73-4018-8ED9-98F45A06A70E}.Debug|Any CPU.ActiveCfg = Debug|Any CPU
		{F41D0A35-EC73-4018-8ED9-98F45A06A70E}.Debug|Any CPU.Build.0 = Debug|Any CPU
		{F41D0A35-EC73-4018-8ED9-98F45A06A70E}.Release|Any CPU.ActiveCfg = Release|Any CPU
		{F41D0A35-EC73-4018-8ED9-98F45A06A70E}.Release|Any CPU.Build.0 = Release|Any CPU
	EndGlobalSection
	GlobalSection(SolutionProperties) = preSolution
		HideSolutionNode = FALSE
	EndGlobalSection
	GlobalSection(ExtensibilityGlobals) = postSolution
		SolutionGuid = {0ABE3075-8645-453B-8FC7-FF020C48A7EF}
	EndGlobalSection
EndGlobal
